
Microsoft Visual Studio Solution File, Format Version 12.00
# Visual Studio Version 17
VisualStudioVersion = 17.5.33530.505
MinimumVisualStudioVersion = 10.0.40219.1
Project("{2150E333-8FDC-42A3-9474-1A3956D46DE8}") = "WinCSharp", "WinCSharp", "{CFD5FC4B-C2FD-448D-A575-595EF49504A2}"
EndProject
Project("{9A19103F-16F7-4668-BE54-9A1E7A4F7556}") = "Lab1.Exercise1.WFRect", "WinCSharp\Lab1.Exercise1.WFRect\Lab1.Exercise1.WFRect.csproj", "{AF208434-9742-4850-B54F-82CAD578A5CF}"
EndProject
Project("{9A19103F-16F7-4668-BE54-9A1E7A4F7556}") = "Lab1.Exercise2.WFStar", "WinCSharp\Lab1.Exercise2.WFStar\Lab1.Exercise2.WFStar.csproj", "{693F4721-544C-4646-A20C-818F44305E50}"
EndProject
Project("{FAE04EC0-301F-11D3-BF4B-00C04F79EFBC}") = "Lab1.Exercise3.WFInheritedForm", "WinCSharp\Lab1.Exercise3.WFInheritedForm\Lab1.Exercise3.WFInheritedForm.csproj", "{D085DBA7-7C58-42A7-8962-E5CA6D426EB6}"
EndProject
Project("{FAE04EC0-301F-11D3-BF4B-00C04F79EFBC}") = "Lab1.Exercise4.WFMDI", "WinCSharp\Lab1.Exercise4.WFMDI\Lab1.Exercise4.WFMDI.csproj", "{9FA0845D-1E39-47E1-B19A-56C8E456E29E}"
EndProject
Project("{FAE04EC0-301F-11D3-BF4B-00C04F79EFBC}") = "Lab1.Exercise5.Control", "WinCSharp\Lab1.Exercise5.Control\Lab1.Exercise5.Control.csproj", "{24B123CF-8128-4BBD-9CE7-036A57B497BE}"
EndProject
Project("{FAE04EC0-301F-11D3-BF4B-00C04F79EFBC}") = "Lab2.Exercise1.WFIncome", "WinCSharp\Lab2.Exercise1.WFIncome\Lab2.Exercise1.WFIncome.csproj", "{E41AB362-DD2C-4099-A4D6-48EDD424676B}"
EndProject
Project("{FAE04EC0-301F-11D3-BF4B-00C04F79EFBC}") = "Lab2.Exercise2.WFLists", "WinCSharp\Lab2.Exercise2.WFLists\Lab2.Exercise2.WFLists.csproj", "{FD1FAF17-6503-49D4-8A05-62F9821FDEF9}"
EndProject
Project("{FAE04EC0-301F-11D3-BF4B-00C04F79EFBC}") = "Lab2.Exercise5.WFPanels", "WinCSharp\Lab2.Exercise5.WFPanels\Lab2.Exercise5.WFPanels.csproj", "{CF53B28B-3979-4774-B835-B9996FB7A7D8}"
EndProject
Project("{FAE04EC0-301F-11D3-BF4B-00C04F79EFBC}") = "Lab2.Exercise6.WFTimerUser", "WinCSharp\Lab2.Exercise6.WFTimerUser\Lab2.Exercise6.WFTimerUser.csproj", "{AB1F8866-755F-48DF-B087-042FF58288A2}"
EndProject
Project("{FAE04EC0-301F-11D3-BF4B-00C04F79EFBC}") = "Lab2.Exercise7.WFDigitRestrictions", "WinCSharp\Lab2.Exercise7.WFDigitRestrictions\Lab2.Exercise7.WFDigitRestrictions.csproj", "{D880AC46-8A25-451E-BAF5-02DED79D728F}"
EndProject
Project("{FAE04EC0-301F-11D3-BF4B-00C04F79EFBC}") = "Lab2.Exercise8.WFTimer", "WinCSharp\Lab2.Exercise8.WFTimer\Lab2.Exercise8.WFTimer.csproj", "{31D0B795-9621-4362-AFA0-C5940D1FA45C}"
EndProject
Project("{FAE04EC0-301F-11D3-BF4B-00C04F79EFBC}") = "Lab2.Exercise9.Control", "WinCSharp\Lab2.Exercise9.Control\Lab2.Exercise9.Control.csproj", "{C558C2C8-4717-44AE-8CDE-BCB3DC6F3631}"
EndProject
Project("{FAE04EC0-301F-11D3-BF4B-00C04F79EFBC}") = "Lab3.Exercise2.WPFHelloNav", "WinCSharp\Lab3.Exercise2. WPFHelloNav\Lab3.Exercise2.WPFHelloNav.csproj", "{FBF9D9A4-EAF8-431A-91DA-4E45911E24E4}"
EndProject
Project("{FAE04EC0-301F-11D3-BF4B-00C04F79EFBC}") = "Lab3Exercise3.WPFHello", "WinCSharp\Lab3.Exercise3.WPFHello\Lab3Exercise3.WPFHello.csproj", "{28A1CED5-EE56-4A6A-AD1A-08F44733C375}"
EndProject
Project("{FAE04EC0-301F-11D3-BF4B-00C04F79EFBC}") = "Lab4Exercise1.WPFRoutedEvent.2.1", "WinCSharp\Lab4.Exercise1.WPFfRoutedEvent.2.1\Lab4Exercise1.WPFRoutedEvent.2.1.csproj", "{1732D185-CFDD-4025-A1B2-8AA200CA3361}"
EndProject
Project("{FAE04EC0-301F-11D3-BF4B-00C04F79EFBC}") = "Lab4Exercise2.WPFRoutedEvent.2.2", "WinCSharp\Lab4.Exercise2.WPFfRoutedEvent.2.2\Lab4Exercise2.WPFRoutedEvent.2.2.csproj", "{A71C967C-AE59-4AA9-8A22-291D414D5931}"
EndProject
Project("{FAE04EC0-301F-11D3-BF4B-00C04F79EFBC}") = "Lab6Exercise1.WPFUserInit", "WinCSharp\Lab6.Exercise1.WPFUserInit\Lab6Exercise1.WPFUserInit.csproj", "{0B01A514-43C0-4F72-925F-FE9EAFC05862}"
EndProject
Project("{FAE04EC0-301F-11D3-BF4B-00C04F79EFBC}") = "TheExam.WFCalculator", "WinCSharp\TheExam.WFCalculator\TheExam.WFCalculator.csproj", "{A27CBA1C-371A-4708-BB01-9848A8B50505}"
EndProject
Project("{2150E333-8FDC-42A3-9474-1A3956D46DE8}") = "CSharp", "CSharp", "{876BAB91-CECB-406C-803C-6CBACC7DFE2A}"
EndProject
Project("{FAE04EC0-301F-11D3-BF4B-00C04F79EFBC}") = "Control1.Triangle", "Control1.Triangle\Control1.Triangle.csproj", "{05936FCD-50D9-42E0-8E53-A47C066716E3}"
EndProject
Global
	GlobalSection(SolutionConfigurationPlatforms) = preSolution
		Debug|Any CPU = Debug|Any CPU
		Release|Any CPU = Release|Any CPU
	EndGlobalSection
	GlobalSection(ProjectConfigurationPlatforms) = postSolution
		{AF208434-9742-4850-B54F-82CAD578A5CF}.Debug|Any CPU.ActiveCfg = Debug|Any CPU
		{AF208434-9742-4850-B54F-82CAD578A5CF}.Debug|Any CPU.Build.0 = Debug|Any CPU
		{AF208434-9742-4850-B54F-82CAD578A5CF}.Release|Any CPU.ActiveCfg = Release|Any CPU
		{AF208434-9742-4850-B54F-82CAD578A5CF}.Release|Any CPU.Build.0 = Release|Any CPU
		{693F4721-544C-4646-A20C-818F44305E50}.Debug|Any CPU.ActiveCfg = Debug|Any CPU
		{693F4721-544C-4646-A20C-818F44305E50}.Debug|Any CPU.Build.0 = Debug|Any CPU
		{693F4721-544C-4646-A20C-818F44305E50}.Release|Any CPU.ActiveCfg = Release|Any CPU
		{693F4721-544C-4646-A20C-818F44305E50}.Release|Any CPU.Build.0 = Release|Any CPU
		{D085DBA7-7C58-42A7-8962-E5CA6D426EB6}.Debug|Any CPU.ActiveCfg = Debug|Any CPU
		{D085DBA7-7C58-42A7-8962-E5CA6D426EB6}.Debug|Any CPU.Build.0 = Debug|Any CPU
		{D085DBA7-7C58-42A7-8962-E5CA6D426EB6}.Release|Any CPU.ActiveCfg = Release|Any CPU
		{D085DBA7-7C58-42A7-8962-E5CA6D426EB6}.Release|Any CPU.Build.0 = Release|Any CPU
		{9FA0845D-1E39-47E1-B19A-56C8E456E29E}.Debug|Any CPU.ActiveCfg = Debug|Any CPU
		{9FA0845D-1E39-47E1-B19A-56C8E456E29E}.Debug|Any CPU.Build.0 = Debug|Any CPU
		{9FA0845D-1E39-47E1-B19A-56C8E456E29E}.Release|Any CPU.ActiveCfg = Release|Any CPU
		{9FA0845D-1E39-47E1-B19A-56C8E456E29E}.Release|Any CPU.Build.0 = Release|Any CPU
		{24B123CF-8128-4BBD-9CE7-036A57B497BE}.Debug|Any CPU.ActiveCfg = Debug|Any CPU
		{24B123CF-8128-4BBD-9CE7-036A57B497BE}.Debug|Any CPU.Build.0 = Debug|Any CPU
		{24B123CF-8128-4BBD-9CE7-036A57B497BE}.Release|Any CPU.ActiveCfg = Release|Any CPU
		{24B123CF-8128-4BBD-9CE7-036A57B497BE}.Release|Any CPU.Build.0 = Release|Any CPU
		{E41AB362-DD2C-4099-A4D6-48EDD424676B}.Debug|Any CPU.ActiveCfg = Debug|Any CPU
		{E41AB362-DD2C-4099-A4D6-48EDD424676B}.Debug|Any CPU.Build.0 = Debug|Any CPU
		{E41AB362-DD2C-4099-A4D6-48EDD424676B}.Release|Any CPU.ActiveCfg = Release|Any CPU
		{E41AB362-DD2C-4099-A4D6-48EDD424676B}.Release|Any CPU.Build.0 = Release|Any CPU
		{FD1FAF17-6503-49D4-8A05-62F9821FDEF9}.Debug|Any CPU.ActiveCfg = Debug|Any CPU
		{FD1FAF17-6503-49D4-8A05-62F9821FDEF9}.Debug|Any CPU.Build.0 = Debug|Any CPU
		{FD1FAF17-6503-49D4-8A05-62F9821FDEF9}.Release|Any CPU.ActiveCfg = Release|Any CPU
		{FD1FAF17-6503-49D4-8A05-62F9821FDEF9}.Release|Any CPU.Build.0 = Release|Any CPU
		{CF53B28B-3979-4774-B835-B9996FB7A7D8}.Debug|Any CPU.ActiveCfg = Debug|Any CPU
		{CF53B28B-3979-4774-B835-B9996FB7A7D8}.Debug|Any CPU.Build.0 = Debug|Any CPU
		{CF53B28B-3979-4774-B835-B9996FB7A7D8}.Release|Any CPU.ActiveCfg = Release|Any CPU
		{CF53B28B-3979-4774-B835-B9996FB7A7D8}.Release|Any CPU.Build.0 = Release|Any CPU
		{AB1F8866-755F-48DF-B087-042FF58288A2}.Debug|Any CPU.ActiveCfg = Debug|Any CPU
		{AB1F8866-755F-48DF-B087-042FF58288A2}.Debug|Any CPU.Build.0 = Debug|Any CPU
		{AB1F8866-755F-48DF-B087-042FF58288A2}.Release|Any CPU.ActiveCfg = Release|Any CPU
		{AB1F8866-755F-48DF-B087-042FF58288A2}.Release|Any CPU.Build.0 = Release|Any CPU
		{D880AC46-8A25-451E-BAF5-02DED79D728F}.Debug|Any CPU.ActiveCfg = Debug|Any CPU
		{D880AC46-8A25-451E-BAF5-02DED79D728F}.Debug|Any CPU.Build.0 = Debug|Any CPU
		{D880AC46-8A25-451E-BAF5-02DED79D728F}.Release|Any CPU.ActiveCfg = Release|Any CPU
		{D880AC46-8A25-451E-BAF5-02DED79D728F}.Release|Any CPU.Build.0 = Release|Any CPU
		{31D0B795-9621-4362-AFA0-C5940D1FA45C}.Debug|Any CPU.ActiveCfg = Debug|Any CPU
		{31D0B795-9621-4362-AFA0-C5940D1FA45C}.Debug|Any CPU.Build.0 = Debug|Any CPU
		{31D0B795-9621-4362-AFA0-C5940D1FA45C}.Release|Any CPU.ActiveCfg = Release|Any CPU
		{31D0B795-9621-4362-AFA0-C5940D1FA45C}.Release|Any CPU.Build.0 = Release|Any CPU
		{C558C2C8-4717-44AE-8CDE-BCB3DC6F3631}.Debug|Any CPU.ActiveCfg = Debug|Any CPU
		{C558C2C8-4717-44AE-8CDE-BCB3DC6F3631}.Debug|Any CPU.Build.0 = Debug|Any CPU
		{C558C2C8-4717-44AE-8CDE-BCB3DC6F3631}.Release|Any CPU.ActiveCfg = Release|Any CPU
		{C558C2C8-4717-44AE-8CDE-BCB3DC6F3631}.Release|Any CPU.Build.0 = Release|Any CPU
		{FBF9D9A4-EAF8-431A-91DA-4E45911E24E4}.Debug|Any CPU.ActiveCfg = Debug|Any CPU
		{FBF9D9A4-EAF8-431A-91DA-4E45911E24E4}.Debug|Any CPU.Build.0 = Debug|Any CPU
		{FBF9D9A4-EAF8-431A-91DA-4E45911E24E4}.Release|Any CPU.ActiveCfg = Release|Any CPU
		{FBF9D9A4-EAF8-431A-91DA-4E45911E24E4}.Release|Any CPU.Build.0 = Release|Any CPU
		{28A1CED5-EE56-4A6A-AD1A-08F44733C375}.Debug|Any CPU.ActiveCfg = Debug|Any CPU
		{28A1CED5-EE56-4A6A-AD1A-08F44733C375}.Debug|Any CPU.Build.0 = Debug|Any CPU
		{28A1CED5-EE56-4A6A-AD1A-08F44733C375}.Release|Any CPU.ActiveCfg = Release|Any CPU
		{28A1CED5-EE56-4A6A-AD1A-08F44733C375}.Release|Any CPU.Build.0 = Release|Any CPU
		{1732D185-CFDD-4025-A1B2-8AA200CA3361}.Debug|Any CPU.ActiveCfg = Debug|Any CPU
		{1732D185-CFDD-4025-A1B2-8AA200CA3361}.Debug|Any CPU.Build.0 = Debug|Any CPU
		{1732D185-CFDD-4025-A1B2-8AA200CA3361}.Release|Any CPU.ActiveCfg = Release|Any CPU
		{1732D185-CFDD-4025-A1B2-8AA200CA3361}.Release|Any CPU.Build.0 = Release|Any CPU
		{A71C967C-AE59-4AA9-8A22-291D414D5931}.Debug|Any CPU.ActiveCfg = Debug|Any CPU
		{A71C967C-AE59-4AA9-8A22-291D414D5931}.Debug|Any CPU.Build.0 = Debug|Any CPU
		{A71C967C-AE59-4AA9-8A22-291D414D5931}.Release|Any CPU.ActiveCfg = Release|Any CPU
		{A71C967C-AE59-4AA9-8A22-291D414D5931}.Release|Any CPU.Build.0 = Release|Any CPU
		{0B01A514-43C0-4F72-925F-FE9EAFC05862}.Debug|Any CPU.ActiveCfg = Debug|Any CPU
		{0B01A514-43C0-4F72-925F-FE9EAFC05862}.Debug|Any CPU.Build.0 = Debug|Any CPU
		{0B01A514-43C0-4F72-925F-FE9EAFC05862}.Release|Any CPU.ActiveCfg = Release|Any CPU
		{0B01A514-43C0-4F72-925F-FE9EAFC05862}.Release|Any CPU.Build.0 = Release|Any CPU
		{A27CBA1C-371A-4708-BB01-9848A8B50505}.Debug|Any CPU.ActiveCfg = Debug|Any CPU
		{A27CBA1C-371A-4708-BB01-9848A8B50505}.Debug|Any CPU.Build.0 = Debug|Any CPU
		{A27CBA1C-371A-4708-BB01-9848A8B50505}.Release|Any CPU.ActiveCfg = Release|Any CPU
		{A27CBA1C-371A-4708-BB01-9848A8B50505}.Release|Any CPU.Build.0 = Release|Any CPU
		{05936FCD-50D9-42E0-8E53-A47C066716E3}.Debug|Any CPU.ActiveCfg = Debug|Any CPU
		{05936FCD-50D9-42E0-8E53-A47C066716E3}.Debug|Any CPU.Build.0 = Debug|Any CPU
		{05936FCD-50D9-42E0-8E53-A47C066716E3}.Release|Any CPU.ActiveCfg = Release|Any CPU
		{05936FCD-50D9-42E0-8E53-A47C066716E3}.Release|Any CPU.Build.0 = Release|Any CPU
	EndGlobalSection
	GlobalSection(SolutionProperties) = preSolution
		HideSolutionNode = FALSE
	EndGlobalSection
	GlobalSection(NestedProjects) = preSolution
		{AF208434-9742-4850-B54F-82CAD578A5CF} = {CFD5FC4B-C2FD-448D-A575-595EF49504A2}
		{693F4721-544C-4646-A20C-818F44305E50} = {CFD5FC4B-C2FD-448D-A575-595EF49504A2}
		{D085DBA7-7C58-42A7-8962-E5CA6D426EB6} = {CFD5FC4B-C2FD-448D-A575-595EF49504A2}
		{9FA0845D-1E39-47E1-B19A-56C8E456E29E} = {CFD5FC4B-C2FD-448D-A575-595EF49504A2}
		{24B123CF-8128-4BBD-9CE7-036A57B497BE} = {CFD5FC4B-C2FD-448D-A575-595EF49504A2}
		{E41AB362-DD2C-4099-A4D6-48EDD424676B} = {CFD5FC4B-C2FD-448D-A575-595EF49504A2}
		{FD1FAF17-6503-49D4-8A05-62F9821FDEF9} = {CFD5FC4B-C2FD-448D-A575-595EF49504A2}
		{CF53B28B-3979-4774-B835-B9996FB7A7D8} = {CFD5FC4B-C2FD-448D-A575-595EF49504A2}
		{AB1F8866-755F-48DF-B087-042FF58288A2} = {CFD5FC4B-C2FD-448D-A575-595EF49504A2}
		{D880AC46-8A25-451E-BAF5-02DED79D728F} = {CFD5FC4B-C2FD-448D-A575-595EF49504A2}
		{31D0B795-9621-4362-AFA0-C5940D1FA45C} = {CFD5FC4B-C2FD-448D-A575-595EF49504A2}
		{C558C2C8-4717-44AE-8CDE-BCB3DC6F3631} = {CFD5FC4B-C2FD-448D-A575-595EF49504A2}
		{FBF9D9A4-EAF8-431A-91DA-4E45911E24E4} = {CFD5FC4B-C2FD-448D-A575-595EF49504A2}
		{28A1CED5-EE56-4A6A-AD1A-08F44733C375} = {CFD5FC4B-C2FD-448D-A575-595EF49504A2}
		{1732D185-CFDD-4025-A1B2-8AA200CA3361} = {CFD5FC4B-C2FD-448D-A575-595EF49504A2}
		{A71C967C-AE59-4AA9-8A22-291D414D5931} = {CFD5FC4B-C2FD-448D-A575-595EF49504A2}
		{0B01A514-43C0-4F72-925F-FE9EAFC05862} = {CFD5FC4B-C2FD-448D-A575-595EF49504A2}
		{A27CBA1C-371A-4708-BB01-9848A8B50505} = {CFD5FC4B-C2FD-448D-A575-595EF49504A2}
		{05936FCD-50D9-42E0-8E53-A47C066716E3} = {876BAB91-CECB-406C-803C-6CBACC7DFE2A}
	EndGlobalSection
	GlobalSection(ExtensibilityGlobals) = postSolution
		SolutionGuid = {F2F9F1EB-DD12-417E-AC66-3B0465A91F74}
	EndGlobalSection
EndGlobal
